
Microsoft Visual Studio Solution File, Format Version 12.00
# Visual Studio Version 16
VisualStudioVersion = 16.0.31129.286
MinimumVisualStudioVersion = 10.0.40219.1
Project("{9A19103F-16F7-4668-BE54-9A1E7A4F7556}") = "iSketch.app", "iSketch.app.csproj", "{587C80BF-680F-4285-9C2B-23A37BA2784E}"
EndProject
Project("{2150E333-8FDC-42A3-9474-1A3956D46DE8}") = "Dockerfile", "Dockerfile", "{E8EB979B-B65A-43D4-9BF2-20792E1DF719}"
	ProjectSection(SolutionItems) = preProject
		Dockerfile = Dockerfile
	EndProjectSection
EndProject
Global
	GlobalSection(SolutionConfigurationPlatforms) = preSolution
		Debug|Any CPU = Debug|Any CPU
		Release|Any CPU = Release|Any CPU
	EndGlobalSection
	GlobalSection(ProjectConfigurationPlatforms) = postSolution
		{587C80BF-680F-4285-9C2B-23A37BA2784E}.Debug|Any CPU.ActiveCfg = Debug|Any CPU
		{587C80BF-680F-4285-9C2B-23A37BA2784E}.Debug|Any CPU.Build.0 = Debug|Any CPU
		{587C80BF-680F-4285-9C2B-23A37BA2784E}.Release|Any CPU.ActiveCfg = Release|Any CPU
		{587C80BF-680F-4285-9C2B-23A37BA2784E}.Release|Any CPU.Build.0 = Release|Any CPU
	EndGlobalSection
	GlobalSection(SolutionProperties) = preSolution
		HideSolutionNode = FALSE
	EndGlobalSection
	GlobalSection(ExtensibilityGlobals) = postSolution
		SolutionGuid = {B164D658-E14D-4C36-A28D-544613D9F12C}
	EndGlobalSection
EndGlobal
